
Microsoft Visual Studio Solution File, Format Version 12.00
# Visual Studio 15
VisualStudioVersion = 15.0.28307.168
MinimumVisualStudioVersion = 10.0.40219.1
Project("{FAE04EC0-301F-11D3-BF4B-00C04F79EFBC}") = "EntApp1", "EntApp1\EntApp1.csproj", "{490254B9-3165-4B92-9764-6A38A5E557A5}"
EndProject
Global
	GlobalSection(SolutionConfigurationPlatforms) = preSolution
		Debug|Any CPU = Debug|Any CPU
		Release|Any CPU = Release|Any CPU
	EndGlobalSection
	GlobalSection(ProjectConfigurationPlatforms) = postSolution
		{490254B9-3165-4B92-9764-6A38A5E557A5}.Debug|Any CPU.ActiveCfg = Debug|Any CPU
		{490254B9-3165-4B92-9764-6A38A5E557A5}.Debug|Any CPU.Build.0 = Debug|Any CPU
		{490254B9-3165-4B92-9764-6A38A5E557A5}.Release|Any CPU.ActiveCfg = Release|Any CPU
		{490254B9-3165-4B92-9764-6A38A5E557A5}.Release|Any CPU.Build.0 = Release|Any CPU
	EndGlobalSection
	GlobalSection(SolutionProperties) = preSolution
		HideSolutionNode = FALSE
	EndGlobalSection
	GlobalSection(ExtensibilityGlobals) = postSolution
		SolutionGuid = {A15E3511-6928-4DB8-A8A2-1D4E64A84F7B}
	EndGlobalSection
EndGlobal
